// !$*UTF8*$!
{
	archiveVersion = 1;
	classes = {
	};
	objectVersion = 56;
	objects = {

/* Begin PBXBuildFile section */
		9D8F69C02BDBDDCF00B06966 /* Alamofire in Frameworks */ = {isa = PBXBuildFile; productRef = 9D8F69BF2BDBDDCF00B06966 /* Alamofire */; };
		CF6001C42BDBDBFA00DCF9C2 /* MyUserSDK.docc in Sources */ = {isa = PBXBuildFile; fileRef = CF6001C32BDBDBFA00DCF9C2 /* MyUserSDK.docc */; };
		CF6001CA2BDBDBFA00DCF9C2 /* MyUserSDK.framework in Frameworks */ = {isa = PBXBuildFile; fileRef = CF6001BF2BDBDBFA00DCF9C2 /* MyUserSDK.framework */; };
		CF6001CF2BDBDBFA00DCF9C2 /* MyUserSDKTests.swift in Sources */ = {isa = PBXBuildFile; fileRef = CF6001CE2BDBDBFA00DCF9C2 /* MyUserSDKTests.swift */; };
		CF6001D02BDBDBFA00DCF9C2 /* MyUserSDK.h in Headers */ = {isa = PBXBuildFile; fileRef = CF6001C22BDBDBFA00DCF9C2 /* MyUserSDK.h */; settings = {ATTRIBUTES = (Public, ); }; };
		CF6001E22BDBDC5800DCF9C2 /* APIManagerService.swift in Sources */ = {isa = PBXBuildFile; fileRef = CF6001D92BDBDC5700DCF9C2 /* APIManagerService.swift */; };
		CF6001E32BDBDC5800DCF9C2 /* UserCell.swift in Sources */ = {isa = PBXBuildFile; fileRef = CF6001DA2BDBDC5800DCF9C2 /* UserCell.swift */; };
		CF6001E42BDBDC5800DCF9C2 /* UserCell.xib in Resources */ = {isa = PBXBuildFile; fileRef = CF6001DB2BDBDC5800DCF9C2 /* UserCell.xib */; };
		CF6001E52BDBDC5800DCF9C2 /* ListVC.swift in Sources */ = {isa = PBXBuildFile; fileRef = CF6001DD2BDBDC5800DCF9C2 /* ListVC.swift */; };
		CF6001E62BDBDC5800DCF9C2 /* ListVC.xib in Resources */ = {isa = PBXBuildFile; fileRef = CF6001DE2BDBDC5800DCF9C2 /* ListVC.xib */; };
		CF6001E72BDBDC5800DCF9C2 /* MyUserSDK.swift in Sources */ = {isa = PBXBuildFile; fileRef = CF6001E02BDBDC5800DCF9C2 /* MyUserSDK.swift */; };
		CF6001E82BDBDC5800DCF9C2 /* UserModel.swift in Sources */ = {isa = PBXBuildFile; fileRef = CF6001E12BDBDC5800DCF9C2 /* UserModel.swift */; };
/* End PBXBuildFile section */

/* Begin PBXContainerItemProxy section */
		CF6001CB2BDBDBFA00DCF9C2 /* PBXContainerItemProxy */ = {
			isa = PBXContainerItemProxy;
			containerPortal = CF6001B62BDBDBFA00DCF9C2 /* Project object */;
			proxyType = 1;
			remoteGlobalIDString = CF6001BE2BDBDBFA00DCF9C2;
			remoteInfo = MyUserSDK;
		};
/* End PBXContainerItemProxy section */

/* Begin PBXFileReference section */
		CF6001BF2BDBDBFA00DCF9C2 /* MyUserSDK.framework */ = {isa = PBXFileReference; explicitFileType = wrapper.framework; includeInIndex = 0; path = MyUserSDK.framework; sourceTree = BUILT_PRODUCTS_DIR; };
		CF6001C22BDBDBFA00DCF9C2 /* MyUserSDK.h */ = {isa = PBXFileReference; lastKnownFileType = sourcecode.c.h; path = MyUserSDK.h; sourceTree = "<group>"; };
		CF6001C32BDBDBFA00DCF9C2 /* MyUserSDK.docc */ = {isa = PBXFileReference; lastKnownFileType = folder.documentationcatalog; path = MyUserSDK.docc; sourceTree = "<group>"; };
		CF6001C92BDBDBFA00DCF9C2 /* MyUserSDKTests.xctest */ = {isa = PBXFileReference; explicitFileType = wrapper.cfbundle; includeInIndex = 0; path = MyUserSDKTests.xctest; sourceTree = BUILT_PRODUCTS_DIR; };
		CF6001CE2BDBDBFA00DCF9C2 /* MyUserSDKTests.swift */ = {isa = PBXFileReference; lastKnownFileType = sourcecode.swift; path = MyUserSDKTests.swift; sourceTree = "<group>"; };
		CF6001D92BDBDC5700DCF9C2 /* APIManagerService.swift */ = {isa = PBXFileReference; fileEncoding = 4; lastKnownFileType = sourcecode.swift; path = APIManagerService.swift; sourceTree = "<group>"; };
		CF6001DA2BDBDC5800DCF9C2 /* UserCell.swift */ = {isa = PBXFileReference; fileEncoding = 4; lastKnownFileType = sourcecode.swift; path = UserCell.swift; sourceTree = "<group>"; };
		CF6001DB2BDBDC5800DCF9C2 /* UserCell.xib */ = {isa = PBXFileReference; fileEncoding = 4; lastKnownFileType = file.xib; path = UserCell.xib; sourceTree = "<group>"; };
		CF6001DD2BDBDC5800DCF9C2 /* ListVC.swift */ = {isa = PBXFileReference; fileEncoding = 4; lastKnownFileType = sourcecode.swift; path = ListVC.swift; sourceTree = "<group>"; };
		CF6001DE2BDBDC5800DCF9C2 /* ListVC.xib */ = {isa = PBXFileReference; fileEncoding = 4; lastKnownFileType = file.xib; path = ListVC.xib; sourceTree = "<group>"; };
		CF6001E02BDBDC5800DCF9C2 /* MyUserSDK.swift */ = {isa = PBXFileReference; fileEncoding = 4; lastKnownFileType = sourcecode.swift; path = MyUserSDK.swift; sourceTree = "<group>"; };
		CF6001E12BDBDC5800DCF9C2 /* UserModel.swift */ = {isa = PBXFileReference; fileEncoding = 4; lastKnownFileType = sourcecode.swift; path = UserModel.swift; sourceTree = "<group>"; };
/* End PBXFileReference section */

/* Begin PBXFrameworksBuildPhase section */
		CF6001BC2BDBDBFA00DCF9C2 /* Frameworks */ = {
			isa = PBXFrameworksBuildPhase;
			buildActionMask = 2147483647;
			files = (
				9D8F69C02BDBDDCF00B06966 /* Alamofire in Frameworks */,
			);
			runOnlyForDeploymentPostprocessing = 0;
		};
		CF6001C62BDBDBFA00DCF9C2 /* Frameworks */ = {
			isa = PBXFrameworksBuildPhase;
			buildActionMask = 2147483647;
			files = (
				CF6001CA2BDBDBFA00DCF9C2 /* MyUserSDK.framework in Frameworks */,
			);
			runOnlyForDeploymentPostprocessing = 0;
		};
/* End PBXFrameworksBuildPhase section */

/* Begin PBXGroup section */
		9D8F69BE2BDBDDCF00B06966 /* Frameworks */ = {
			isa = PBXGroup;
			children = (
			);
			name = Frameworks;
			sourceTree = "<group>";
		};
		CF6001B52BDBDBFA00DCF9C2 = {
			isa = PBXGroup;
			children = (
				CF6001C12BDBDBFA00DCF9C2 /* MyUserSDK */,
				CF6001CD2BDBDBFA00DCF9C2 /* MyUserSDKTests */,
				CF6001C02BDBDBFA00DCF9C2 /* Products */,
				9D8F69BE2BDBDDCF00B06966 /* Frameworks */,
			);
			sourceTree = "<group>";
		};
		CF6001C02BDBDBFA00DCF9C2 /* Products */ = {
			isa = PBXGroup;
			children = (
				CF6001BF2BDBDBFA00DCF9C2 /* MyUserSDK.framework */,
				CF6001C92BDBDBFA00DCF9C2 /* MyUserSDKTests.xctest */,
			);
			name = Products;
			sourceTree = "<group>";
		};
		CF6001C12BDBDBFA00DCF9C2 /* MyUserSDK */ = {
			isa = PBXGroup;
			children = (
				CF6001D92BDBDC5700DCF9C2 /* APIManagerService.swift */,
				CF6001DF2BDBDC5800DCF9C2 /* ListVC */,
				CF6001E02BDBDC5800DCF9C2 /* MyUserSDK.swift */,
				CF6001E12BDBDC5800DCF9C2 /* UserModel.swift */,
				CF6001C22BDBDBFA00DCF9C2 /* MyUserSDK.h */,
				CF6001C32BDBDBFA00DCF9C2 /* MyUserSDK.docc */,
			);
			path = MyUserSDK;
			sourceTree = "<group>";
		};
		CF6001CD2BDBDBFA00DCF9C2 /* MyUserSDKTests */ = {
			isa = PBXGroup;
			children = (
				CF6001CE2BDBDBFA00DCF9C2 /* MyUserSDKTests.swift */,
			);
			path = MyUserSDKTests;
			sourceTree = "<group>";
		};
		CF6001DC2BDBDC5800DCF9C2 /* Cell */ = {
			isa = PBXGroup;
			children = (
				CF6001DA2BDBDC5800DCF9C2 /* UserCell.swift */,
				CF6001DB2BDBDC5800DCF9C2 /* UserCell.xib */,
			);
			path = Cell;
			sourceTree = "<group>";
		};
		CF6001DF2BDBDC5800DCF9C2 /* ListVC */ = {
			isa = PBXGroup;
			children = (
				CF6001DC2BDBDC5800DCF9C2 /* Cell */,
				CF6001DD2BDBDC5800DCF9C2 /* ListVC.swift */,
				CF6001DE2BDBDC5800DCF9C2 /* ListVC.xib */,
			);
			path = ListVC;
			sourceTree = "<group>";
		};
/* End PBXGroup section */

/* Begin PBXHeadersBuildPhase section */
		CF6001BA2BDBDBFA00DCF9C2 /* Headers */ = {
			isa = PBXHeadersBuildPhase;
			buildActionMask = 2147483647;
			files = (
				CF6001D02BDBDBFA00DCF9C2 /* MyUserSDK.h in Headers */,
			);
			runOnlyForDeploymentPostprocessing = 0;
		};
/* End PBXHeadersBuildPhase section */

/* Begin PBXNativeTarget section */
		CF6001BE2BDBDBFA00DCF9C2 /* MyUserSDK */ = {
			isa = PBXNativeTarget;
			buildConfigurationList = CF6001D32BDBDBFA00DCF9C2 /* Build configuration list for PBXNativeTarget "MyUserSDK" */;
			buildPhases = (
				CF6001BA2BDBDBFA00DCF9C2 /* Headers */,
				CF6001BB2BDBDBFA00DCF9C2 /* Sources */,
				CF6001BC2BDBDBFA00DCF9C2 /* Frameworks */,
				CF6001BD2BDBDBFA00DCF9C2 /* Resources */,
			);
			buildRules = (
			);
			dependencies = (
			);
			name = MyUserSDK;
			packageProductDependencies = (
				9D8F69BF2BDBDDCF00B06966 /* Alamofire */,
			);
			productName = MyUserSDK;
			productReference = CF6001BF2BDBDBFA00DCF9C2 /* MyUserSDK.framework */;
			productType = "com.apple.product-type.framework";
		};
		CF6001C82BDBDBFA00DCF9C2 /* MyUserSDKTests */ = {
			isa = PBXNativeTarget;
			buildConfigurationList = CF6001D62BDBDBFA00DCF9C2 /* Build configuration list for PBXNativeTarget "MyUserSDKTests" */;
			buildPhases = (
				CF6001C52BDBDBFA00DCF9C2 /* Sources */,
				CF6001C62BDBDBFA00DCF9C2 /* Frameworks */,
				CF6001C72BDBDBFA00DCF9C2 /* Resources */,
			);
			buildRules = (
			);
			dependencies = (
				CF6001CC2BDBDBFA00DCF9C2 /* PBXTargetDependency */,
			);
			name = MyUserSDKTests;
			productName = MyUserSDKTests;
			productReference = CF6001C92BDBDBFA00DCF9C2 /* MyUserSDKTests.xctest */;
			productType = "com.apple.product-type.bundle.unit-test";
		};
/* End PBXNativeTarget section */

/* Begin PBXProject section */
		CF6001B62BDBDBFA00DCF9C2 /* Project object */ = {
			isa = PBXProject;
			attributes = {
				BuildIndependentTargetsInParallel = 1;
				LastSwiftUpdateCheck = 1530;
				LastUpgradeCheck = 1530;
				TargetAttributes = {
					CF6001BE2BDBDBFA00DCF9C2 = {
						CreatedOnToolsVersion = 15.3;
					};
					CF6001C82BDBDBFA00DCF9C2 = {
						CreatedOnToolsVersion = 15.3;
					};
				};
			};
			buildConfigurationList = CF6001B92BDBDBFA00DCF9C2 /* Build configuration list for PBXProject "MyUserSDK" */;
			compatibilityVersion = "Xcode 14.0";
			developmentRegion = en;
			hasScannedForEncodings = 0;
			knownRegions = (
				en,
				Base,
			);
			mainGroup = CF6001B52BDBDBFA00DCF9C2;
			packageReferences = (
				9D8F69BD2BDBDDC800B06966 /* XCRemoteSwiftPackageReference "Alamofire" */,
			);
			productRefGroup = CF6001C02BDBDBFA00DCF9C2 /* Products */;
			projectDirPath = "";
			projectRoot = "";
			targets = (
				CF6001BE2BDBDBFA00DCF9C2 /* MyUserSDK */,
				CF6001C82BDBDBFA00DCF9C2 /* MyUserSDKTests */,
			);
		};
/* End PBXProject section */

/* Begin PBXResourcesBuildPhase section */
		CF6001BD2BDBDBFA00DCF9C2 /* Resources */ = {
			isa = PBXResourcesBuildPhase;
			buildActionMask = 2147483647;
			files = (
				CF6001E62BDBDC5800DCF9C2 /* ListVC.xib in Resources */,
				CF6001E42BDBDC5800DCF9C2 /* UserCell.xib in Resources */,
			);
			runOnlyForDeploymentPostprocessing = 0;
		};
		CF6001C72BDBDBFA00DCF9C2 /* Resources */ = {
			isa = PBXResourcesBuildPhase;
			buildActionMask = 2147483647;
			files = (
			);
			runOnlyForDeploymentPostprocessing = 0;
		};
/* End PBXResourcesBuildPhase section */

/* Begin PBXSourcesBuildPhase section */
		CF6001BB2BDBDBFA00DCF9C2 /* Sources */ = {
			isa = PBXSourcesBuildPhase;
			buildActionMask = 2147483647;
			files = (
				CF6001E72BDBDC5800DCF9C2 /* MyUserSDK.swift in Sources */,
				CF6001E52BDBDC5800DCF9C2 /* ListVC.swift in Sources */,
				CF6001E22BDBDC5800DCF9C2 /* APIManagerService.swift in Sources */,
				CF6001C42BDBDBFA00DCF9C2 /* MyUserSDK.docc in Sources */,
				CF6001E82BDBDC5800DCF9C2 /* UserModel.swift in Sources */,
				CF6001E32BDBDC5800DCF9C2 /* UserCell.swift in Sources */,
			);
			runOnlyForDeploymentPostprocessing = 0;
		};
		CF6001C52BDBDBFA00DCF9C2 /* Sources */ = {
			isa = PBXSourcesBuildPhase;
			buildActionMask = 2147483647;
			files = (
				CF6001CF2BDBDBFA00DCF9C2 /* MyUserSDKTests.swift in Sources */,
			);
			runOnlyForDeploymentPostprocessing = 0;
		};
/* End PBXSourcesBuildPhase section */

/* Begin PBXTargetDependency section */
		CF6001CC2BDBDBFA00DCF9C2 /* PBXTargetDependency */ = {
			isa = PBXTargetDependency;
			target = CF6001BE2BDBDBFA00DCF9C2 /* MyUserSDK */;
			targetProxy = CF6001CB2BDBDBFA00DCF9C2 /* PBXContainerItemProxy */;
		};
/* End PBXTargetDependency section */

/* Begin XCBuildConfiguration section */
		CF6001D12BDBDBFA00DCF9C2 /* Debug */ = {
			isa = XCBuildConfiguration;
			buildSettings = {
				ALWAYS_SEARCH_USER_PATHS = NO;
				ASSETCATALOG_COMPILER_GENERATE_SWIFT_ASSET_SYMBOL_EXTENSIONS = YES;
				CLANG_ANALYZER_NONNULL = YES;
				CLANG_ANALYZER_NUMBER_OBJECT_CONVERSION = YES_AGGRESSIVE;
				CLANG_CXX_LANGUAGE_STANDARD = "gnu++20";
				CLANG_ENABLE_MODULES = YES;
				CLANG_ENABLE_OBJC_ARC = YES;
				CLANG_ENABLE_OBJC_WEAK = YES;
				CLANG_WARN_BLOCK_CAPTURE_AUTORELEASING = YES;
				CLANG_WARN_BOOL_CONVERSION = YES;
				CLANG_WARN_COMMA = YES;
				CLANG_WARN_CONSTANT_CONVERSION = YES;
				CLANG_WARN_DEPRECATED_OBJC_IMPLEMENTATIONS = YES;
				CLANG_WARN_DIRECT_OBJC_ISA_USAGE = YES_ERROR;
				CLANG_WARN_DOCUMENTATION_COMMENTS = YES;
				CLANG_WARN_EMPTY_BODY = YES;
				CLANG_WARN_ENUM_CONVERSION = YES;
				CLANG_WARN_INFINITE_RECURSION = YES;
				CLANG_WARN_INT_CONVERSION = YES;
				CLANG_WARN_NON_LITERAL_NULL_CONVERSION = YES;
				CLANG_WARN_OBJC_IMPLICIT_RETAIN_SELF = YES;
				CLANG_WARN_OBJC_LITERAL_CONVERSION = YES;
				CLANG_WARN_OBJC_ROOT_CLASS = YES_ERROR;
				CLANG_WARN_QUOTED_INCLUDE_IN_FRAMEWORK_HEADER = YES;
				CLANG_WARN_RANGE_LOOP_ANALYSIS = YES;
				CLANG_WARN_STRICT_PROTOTYPES = YES;
				CLANG_WARN_SUSPICIOUS_MOVE = YES;
				CLANG_WARN_UNGUARDED_AVAILABILITY = YES_AGGRESSIVE;
				CLANG_WARN_UNREACHABLE_CODE = YES;
				CLANG_WARN__DUPLICATE_METHOD_MATCH = YES;
				COPY_PHASE_STRIP = NO;
				CURRENT_PROJECT_VERSION = 1;
				DEBUG_INFORMATION_FORMAT = dwarf;
				ENABLE_STRICT_OBJC_MSGSEND = YES;
				ENABLE_TESTABILITY = YES;
				ENABLE_USER_SCRIPT_SANDBOXING = YES;
				GCC_C_LANGUAGE_STANDARD = gnu17;
				GCC_DYNAMIC_NO_PIC = NO;
				GCC_NO_COMMON_BLOCKS = YES;
				GCC_OPTIMIZATION_LEVEL = 0;
				GCC_PREPROCESSOR_DEFINITIONS = (
					"DEBUG=1",
					"$(inherited)",
				);
				GCC_WARN_64_TO_32_BIT_CONVERSION = YES;
				GCC_WARN_ABOUT_RETURN_TYPE = YES_ERROR;
				GCC_WARN_UNDECLARED_SELECTOR = YES;
				GCC_WARN_UNINITIALIZED_AUTOS = YES_AGGRESSIVE;
				GCC_WARN_UNUSED_FUNCTION = YES;
				GCC_WARN_UNUSED_VARIABLE = YES;
				IPHONEOS_DEPLOYMENT_TARGET = 17.4;
				LOCALIZATION_PREFERS_STRING_CATALOGS = YES;
				MTL_ENABLE_DEBUG_INFO = INCLUDE_SOURCE;
				MTL_FAST_MATH = YES;
				ONLY_ACTIVE_ARCH = YES;
				SDKROOT = iphoneos;
				SWIFT_ACTIVE_COMPILATION_CONDITIONS = "DEBUG $(inherited)";
				SWIFT_OPTIMIZATION_LEVEL = "-Onone";
				VERSIONING_SYSTEM = "apple-generic";
				VERSION_INFO_PREFIX = "";
			};
			name = Debug;
		};
		CF6001D22BDBDBFA00DCF9C2 /* Release */ = {
			isa = XCBuildConfiguration;
			buildSettings = {
				ALWAYS_SEARCH_USER_PATHS = NO;
				ASSETCATALOG_COMPILER_GENERATE_SWIFT_ASSET_SYMBOL_EXTENSIONS = YES;
				CLANG_ANALYZER_NONNULL = YES;
				CLANG_ANALYZER_NUMBER_OBJECT_CONVERSION = YES_AGGRESSIVE;
				CLANG_CXX_LANGUAGE_STANDARD = "gnu++20";
				CLANG_ENABLE_MODULES = YES;
				CLANG_ENABLE_OBJC_ARC = YES;
				CLANG_ENABLE_OBJC_WEAK = YES;
				CLANG_WARN_BLOCK_CAPTURE_AUTORELEASING = YES;
				CLANG_WARN_BOOL_CONVERSION = YES;
				CLANG_WARN_COMMA = YES;
				CLANG_WARN_CONSTANT_CONVERSION = YES;
				CLANG_WARN_DEPRECATED_OBJC_IMPLEMENTATIONS = YES;
				CLANG_WARN_DIRECT_OBJC_ISA_USAGE = YES_ERROR;
				CLANG_WARN_DOCUMENTATION_COMMENTS = YES;
				CLANG_WARN_EMPTY_BODY = YES;
				CLANG_WARN_ENUM_CONVERSION = YES;
				CLANG_WARN_INFINITE_RECURSION = YES;
				CLANG_WARN_INT_CONVERSION = YES;
				CLANG_WARN_NON_LITERAL_NULL_CONVERSION = YES;
				CLANG_WARN_OBJC_IMPLICIT_RETAIN_SELF = YES;
				CLANG_WARN_OBJC_LITERAL_CONVERSION = YES;
				CLANG_WARN_OBJC_ROOT_CLASS = YES_ERROR;
				CLANG_WARN_QUOTED_INCLUDE_IN_FRAMEWORK_HEADER = YES;
				CLANG_WARN_RANGE_LOOP_ANALYSIS = YES;
				CLANG_WARN_STRICT_PROTOTYPES = YES;
				CLANG_WARN_SUSPICIOUS_MOVE = YES;
				CLANG_WARN_UNGUARDED_AVAILABILITY = YES_AGGRESSIVE;
				CLANG_WARN_UNREACHABLE_CODE = YES;
				CLANG_WARN__DUPLICATE_METHOD_MATCH = YES;
				COPY_PHASE_STRIP = NO;
				CURRENT_PROJECT_VERSION = 1;
				DEBUG_INFORMATION_FORMAT = "dwarf-with-dsym";
				ENABLE_NS_ASSERTIONS = NO;
				ENABLE_STRICT_OBJC_MSGSEND = YES;
				ENABLE_USER_SCRIPT_SANDBOXING = YES;
				GCC_C_LANGUAGE_STANDARD = gnu17;
				GCC_NO_COMMON_BLOCKS = YES;
				GCC_WARN_64_TO_32_BIT_CONVERSION = YES;
				GCC_WARN_ABOUT_RETURN_TYPE = YES_ERROR;
				GCC_WARN_UNDECLARED_SELECTOR = YES;
				GCC_WARN_UNINITIALIZED_AUTOS = YES_AGGRESSIVE;
				GCC_WARN_UNUSED_FUNCTION = YES;
				GCC_WARN_UNUSED_VARIABLE = YES;
				IPHONEOS_DEPLOYMENT_TARGET = 17.4;
				LOCALIZATION_PREFERS_STRING_CATALOGS = YES;
				MTL_ENABLE_DEBUG_INFO = NO;
				MTL_FAST_MATH = YES;
				SDKROOT = iphoneos;
				SWIFT_COMPILATION_MODE = wholemodule;
				VALIDATE_PRODUCT = YES;
				VERSIONING_SYSTEM = "apple-generic";
				VERSION_INFO_PREFIX = "";
			};
			name = Release;
		};
		CF6001D42BDBDBFA00DCF9C2 /* Debug */ = {
			isa = XCBuildConfiguration;
			buildSettings = {
				BUILD_LIBRARY_FOR_DISTRIBUTION = YES;
				CODE_SIGN_STYLE = Automatic;
				CURRENT_PROJECT_VERSION = 1;
				DEFINES_MODULE = YES;
				DEVELOPMENT_TEAM = FHYTDCABQ2;
				DYLIB_COMPATIBILITY_VERSION = 1;
				DYLIB_CURRENT_VERSION = 1;
				DYLIB_INSTALL_NAME_BASE = "@rpath";
				ENABLE_MODULE_VERIFIER = YES;
				GENERATE_INFOPLIST_FILE = YES;
				INFOPLIST_KEY_NSHumanReadableCopyright = "";
				INSTALL_PATH = "$(LOCAL_LIBRARY_DIR)/Frameworks";
				LD_RUNPATH_SEARCH_PATHS = (
					"$(inherited)",
					"@executable_path/Frameworks",
					"@loader_path/Frameworks",
				);
				MARKETING_VERSION = 1.0;
				MODULE_VERIFIER_SUPPORTED_LANGUAGES = "objective-c objective-c++";
				MODULE_VERIFIER_SUPPORTED_LANGUAGE_STANDARDS = "gnu17 gnu++20";
				PRODUCT_BUNDLE_IDENTIFIER = com.myproject.test.MyUserSDK;
				PRODUCT_NAME = "$(TARGET_NAME:c99extidentifier)";
				SKIP_INSTALL = YES;
				SWIFT_EMIT_LOC_STRINGS = YES;
				SWIFT_INSTALL_OBJC_HEADER = NO;
				SWIFT_VERSION = 5.0;
				TARGETED_DEVICE_FAMILY = "1,2";
			};
			name = Debug;
		};
		CF6001D52BDBDBFA00DCF9C2 /* Release */ = {
			isa = XCBuildConfiguration;
			buildSettings = {
				BUILD_LIBRARY_FOR_DISTRIBUTION = YES;
				CODE_SIGN_STYLE = Automatic;
				CURRENT_PROJECT_VERSION = 1;
				DEFINES_MODULE = YES;
				DEVELOPMENT_TEAM = FHYTDCABQ2;
				DYLIB_COMPATIBILITY_VERSION = 1;
				DYLIB_CURRENT_VERSION = 1;
				DYLIB_INSTALL_NAME_BASE = "@rpath";
				ENABLE_MODULE_VERIFIER = YES;
				GENERATE_INFOPLIST_FILE = YES;
				INFOPLIST_KEY_NSHumanReadableCopyright = "";
				INSTALL_PATH = "$(LOCAL_LIBRARY_DIR)/Frameworks";
				LD_RUNPATH_SEARCH_PATHS = (
					"$(inherited)",
					"@executable_path/Frameworks",
					"@loader_path/Frameworks",
				);
				MARKETING_VERSION = 1.0;
				MODULE_VERIFIER_SUPPORTED_LANGUAGES = "objective-c objective-c++";
				MODULE_VERIFIER_SUPPORTED_LANGUAGE_STANDARDS = "gnu17 gnu++20";
				PRODUCT_BUNDLE_IDENTIFIER = com.myproject.test.MyUserSDK;
				PRODUCT_NAME = "$(TARGET_NAME:c99extidentifier)";
				SKIP_INSTALL = YES;
				SWIFT_EMIT_LOC_STRINGS = YES;
				SWIFT_INSTALL_OBJC_HEADER = NO;
				SWIFT_VERSION = 5.0;
				TARGETED_DEVICE_FAMILY = "1,2";
			};
			name = Release;
		};
		CF6001D72BDBDBFA00DCF9C2 /* Debug */ = {
			isa = XCBuildConfiguration;
			buildSettings = {
				ALWAYS_EMBED_SWIFT_STANDARD_LIBRARIES = YES;
				CODE_SIGN_STYLE = Automatic;
				CURRENT_PROJECT_VERSION = 1;
				DEVELOPMENT_TEAM = Q2MM52K4UX;
				GENERATE_INFOPLIST_FILE = YES;
				MARKETING_VERSION = 1.0;
				PRODUCT_BUNDLE_IDENTIFIER = com.myproject.test.MyUserSDKTests;
				PRODUCT_NAME = "$(TARGET_NAME)";
				SWIFT_EMIT_LOC_STRINGS = NO;
				SWIFT_VERSION = 5.0;
				TARGETED_DEVICE_FAMILY = "1,2";
			};
			name = Debug;
		};
		CF6001D82BDBDBFA00DCF9C2 /* Release */ = {
			isa = XCBuildConfiguration;
			buildSettings = {
				ALWAYS_EMBED_SWIFT_STANDARD_LIBRARIES = YES;
				CODE_SIGN_STYLE = Automatic;
				CURRENT_PROJECT_VERSION = 1;
				DEVELOPMENT_TEAM = Q2MM52K4UX;
				GENERATE_INFOPLIST_FILE = YES;
				MARKETING_VERSION = 1.0;
				PRODUCT_BUNDLE_IDENTIFIER = com.myproject.test.MyUserSDKTests;
				PRODUCT_NAME = "$(TARGET_NAME)";
				SWIFT_EMIT_LOC_STRINGS = NO;
				SWIFT_VERSION = 5.0;
				TARGETED_DEVICE_FAMILY = "1,2";
			};
			name = Release;
		};
/* End XCBuildConfiguration section */

/* Begin XCConfigurationList section */
		CF6001B92BDBDBFA00DCF9C2 /* Build configuration list for PBXProject "MyUserSDK" */ = {
			isa = XCConfigurationList;
			buildConfigurations = (
				CF6001D12BDBDBFA00DCF9C2 /* Debug */,
				CF6001D22BDBDBFA00DCF9C2 /* Release */,
			);
			defaultConfigurationIsVisible = 0;
			defaultConfigurationName = Release;
		};
		CF6001D32BDBDBFA00DCF9C2 /* Build configuration list for PBXNativeTarget "MyUserSDK" */ = {
			isa = XCConfigurationList;
			buildConfigurations = (
				CF6001D42BDBDBFA00DCF9C2 /* Debug */,
				CF6001D52BDBDBFA00DCF9C2 /* Release */,
			);
			defaultConfigurationIsVisible = 0;
			defaultConfigurationName = Release;
		};
		CF6001D62BDBDBFA00DCF9C2 /* Build configuration list for PBXNativeTarget "MyUserSDKTests" */ = {
			isa = XCConfigurationList;
			buildConfigurations = (
				CF6001D72BDBDBFA00DCF9C2 /* Debug */,
				CF6001D82BDBDBFA00DCF9C2 /* Release */,
			);
			defaultConfigurationIsVisible = 0;
			defaultConfigurationName = Release;
		};
/* End XCConfigurationList section */

/* Begin XCRemoteSwiftPackageReference section */
		9D8F69BD2BDBDDC800B06966 /* XCRemoteSwiftPackageReference "Alamofire" */ = {
			isa = XCRemoteSwiftPackageReference;
			repositoryURL = "https://github.com/Alamofire/Alamofire.git";
			requirement = {
				kind = upToNextMajorVersion;
				minimumVersion = 5.9.1;
			};
		};
/* End XCRemoteSwiftPackageReference section */

/* Begin XCSwiftPackageProductDependency section */
		9D8F69BF2BDBDDCF00B06966 /* Alamofire */ = {
			isa = XCSwiftPackageProductDependency;
			package = 9D8F69BD2BDBDDC800B06966 /* XCRemoteSwiftPackageReference "Alamofire" */;
			productName = Alamofire;
		};
/* End XCSwiftPackageProductDependency section */
	};
	rootObject = CF6001B62BDBDBFA00DCF9C2 /* Project object */;
}
